
Microsoft Visual Studio Solution File, Format Version 12.00
# Visual Studio Version 17
VisualStudioVersion = 17.4.33213.308
MinimumVisualStudioVersion = 10.0.40219.1
Project("{FAE04EC0-301F-11D3-BF4B-00C04F79EFBC}") = "BlazorApp1", "BlazorApp1\BlazorApp1.csproj", "{4A0C568C-06ED-43A6-AB0D-0A28677CFEF9}"
EndProject
Global
	GlobalSection(SolutionConfigurationPlatforms) = preSolution
		Debug|Any CPU = Debug|Any CPU
		Release|Any CPU = Release|Any CPU
	EndGlobalSection
	GlobalSection(ProjectConfigurationPlatforms) = postSolution
		{4A0C568C-06ED-43A6-AB0D-0A28677CFEF9}.Debug|Any CPU.ActiveCfg = Debug|Any CPU
		{4A0C568C-06ED-43A6-AB0D-0A28677CFEF9}.Debug|Any CPU.Build.0 = Debug|Any CPU
		{4A0C568C-06ED-43A6-AB0D-0A28677CFEF9}.Release|Any CPU.ActiveCfg = Release|Any CPU
		{4A0C568C-06ED-43A6-AB0D-0A28677CFEF9}.Release|Any CPU.Build.0 = Release|Any CPU
	EndGlobalSection
	GlobalSection(SolutionProperties) = preSolution
		HideSolutionNode = FALSE
	EndGlobalSection
	GlobalSection(ExtensibilityGlobals) = postSolution
		SolutionGuid = {0FB8AED4-5991-43FE-8E63-3670B6BD0732}
	EndGlobalSection
EndGlobal
